
Microsoft Visual Studio Solution File, Format Version 12.00
# Visual Studio Version 16
VisualStudioVersion = 16.0.29806.167
MinimumVisualStudioVersion = 10.0.40219.1
Project("{9A19103F-16F7-4668-BE54-9A1E7A4F7556}") = "WebImageExtractor", "WebImageExtractor\WebImageExtractor.csproj", "{3D8B4AD9-10B4-4000-A847-32060C6B5B6B}"
EndProject
Project("{9A19103F-16F7-4668-BE54-9A1E7A4F7556}") = "WebImageExtractor.App", "WebImageExtractor.App\WebImageExtractor.App.csproj", "{2D67C2F5-45E4-44DC-9AE8-0ED069E886AB}"
EndProject
Global
	GlobalSection(SolutionConfigurationPlatforms) = preSolution
		Debug|Any CPU = Debug|Any CPU
		Release|Any CPU = Release|Any CPU
	EndGlobalSection
	GlobalSection(ProjectConfigurationPlatforms) = postSolution
		{3D8B4AD9-10B4-4000-A847-32060C6B5B6B}.Debug|Any CPU.ActiveCfg = Debug|Any CPU
		{3D8B4AD9-10B4-4000-A847-32060C6B5B6B}.Debug|Any CPU.Build.0 = Debug|Any CPU
		{3D8B4AD9-10B4-4000-A847-32060C6B5B6B}.Release|Any CPU.ActiveCfg = Release|Any CPU
		{3D8B4AD9-10B4-4000-A847-32060C6B5B6B}.Release|Any CPU.Build.0 = Release|Any CPU
		{2D67C2F5-45E4-44DC-9AE8-0ED069E886AB}.Debug|Any CPU.ActiveCfg = Debug|Any CPU
		{2D67C2F5-45E4-44DC-9AE8-0ED069E886AB}.Debug|Any CPU.Build.0 = Debug|Any CPU
		{2D67C2F5-45E4-44DC-9AE8-0ED069E886AB}.Release|Any CPU.ActiveCfg = Release|Any CPU
		{2D67C2F5-45E4-44DC-9AE8-0ED069E886AB}.Release|Any CPU.Build.0 = Release|Any CPU
	EndGlobalSection
	GlobalSection(SolutionProperties) = preSolution
		HideSolutionNode = FALSE
	EndGlobalSection
	GlobalSection(ExtensibilityGlobals) = postSolution
		SolutionGuid = {84FB75DB-A18F-41CE-8D2C-14D56787B12D}
	EndGlobalSection
EndGlobal
